// !$*UTF8*$!
{
	archiveVersion = 1;
	classes = {
	};
	objectVersion = 46;
	objects = {

/* Begin PBXBuildFile section */
		A437C4DA1CFE20EB00CBD507 /* main.m in Sources */ = {isa = PBXBuildFile; fileRef = A437C4D91CFE20EB00CBD507 /* main.m */; };
		A437C4DD1CFE20EB00CBD507 /* AppDelegate.m in Sources */ = {isa = PBXBuildFile; fileRef = A437C4DC1CFE20EB00CBD507 /* AppDelegate.m */; };
		A437C4E01CFE20EB00CBD507 /* ViewController.m in Sources */ = {isa = PBXBuildFile; fileRef = A437C4DF1CFE20EB00CBD507 /* ViewController.m */; };
		A437C4E31CFE20EB00CBD507 /* Main.storyboard in Resources */ = {isa = PBXBuildFile; fileRef = A437C4E11CFE20EB00CBD507 /* Main.storyboard */; };
		A437C4E51CFE20EB00CBD507 /* Assets.xcassets in Resources */ = {isa = PBXBuildFile; fileRef = A437C4E41CFE20EB00CBD507 /* Assets.xcassets */; };
		A437C4E81CFE20EB00CBD507 /* LaunchScreen.storyboard in Resources */ = {isa = PBXBuildFile; fileRef = A437C4E61CFE20EB00CBD507 /* LaunchScreen.storyboard */; };
		A437C4F11CFE220400CBD507 /* StarWarsChar.m in Sources */ = {isa = PBXBuildFile; fileRef = A437C4F01CFE220400CBD507 /* StarWarsChar.m */; };
		A437C4F41CFE222F00CBD507 /* ProfileViewController.m in Sources */ = {isa = PBXBuildFile; fileRef = A437C4F31CFE222F00CBD507 /* ProfileViewController.m */; };
/* End PBXBuildFile section */

/* Begin PBXFileReference section */
		A437C4D51CFE20EB00CBD507 /* StarWarriors.app */ = {isa = PBXFileReference; explicitFileType = wrapper.application; includeInIndex = 0; path = StarWarriors.app; sourceTree = BUILT_PRODUCTS_DIR; };
		A437C4D91CFE20EB00CBD507 /* main.m */ = {isa = PBXFileReference; lastKnownFileType = sourcecode.c.objc; path = main.m; sourceTree = "<group>"; };
		A437C4DB1CFE20EB00CBD507 /* AppDelegate.h */ = {isa = PBXFileReference; lastKnownFileType = sourcecode.c.h; path = AppDelegate.h; sourceTree = "<group>"; };
		A437C4DC1CFE20EB00CBD507 /* AppDelegate.m */ = {isa = PBXFileReference; lastKnownFileType = sourcecode.c.objc; path = AppDelegate.m; sourceTree = "<group>"; };
		A437C4DE1CFE20EB00CBD507 /* ViewController.h */ = {isa = PBXFileReference; lastKnownFileType = sourcecode.c.h; path = ViewController.h; sourceTree = "<group>"; };
		A437C4DF1CFE20EB00CBD507 /* ViewController.m */ = {isa = PBXFileReference; lastKnownFileType = sourcecode.c.objc; path = ViewController.m; sourceTree = "<group>"; };
		A437C4E21CFE20EB00CBD507 /* Base */ = {isa = PBXFileReference; lastKnownFileType = file.storyboard; name = Base; path = Base.lproj/Main.storyboard; sourceTree = "<group>"; };
		A437C4E41CFE20EB00CBD507 /* Assets.xcassets */ = {isa = PBXFileReference; lastKnownFileType = folder.assetcatalog; path = Assets.xcassets; sourceTree = "<group>"; };
		A437C4E71CFE20EB00CBD507 /* Base */ = {isa = PBXFileReference; lastKnownFileType = file.storyboard; name = Base; path = Base.lproj/LaunchScreen.storyboard; sourceTree = "<group>"; };
		A437C4E91CFE20EB00CBD507 /* Info.plist */ = {isa = PBXFileReference; lastKnownFileType = text.plist.xml; path = Info.plist; sourceTree = "<group>"; };
		A437C4EF1CFE220400CBD507 /* StarWarsChar.h */ = {isa = PBXFileReference; fileEncoding = 4; lastKnownFileType = sourcecode.c.h; path = StarWarsChar.h; sourceTree = "<group>"; };
		A437C4F01CFE220400CBD507 /* StarWarsChar.m */ = {isa = PBXFileReference; fileEncoding = 4; lastKnownFileType = sourcecode.c.objc; path = StarWarsChar.m; sourceTree = "<group>"; };
		A437C4F21CFE222F00CBD507 /* ProfileViewController.h */ = {isa = PBXFileReference; fileEncoding = 4; lastKnownFileType = sourcecode.c.h; path = ProfileViewController.h; sourceTree = "<group>"; };
		A437C4F31CFE222F00CBD507 /* ProfileViewController.m */ = {isa = PBXFileReference; fileEncoding = 4; lastKnownFileType = sourcecode.c.objc; path = ProfileViewController.m; sourceTree = "<group>"; };
/* End PBXFileReference section */

/* Begin PBXFrameworksBuildPhase section */
		A437C4D21CFE20EB00CBD507 /* Frameworks */ = {
			isa = PBXFrameworksBuildPhase;
			buildActionMask = 2147483647;
			files = (
			);
			runOnlyForDeploymentPostprocessing = 0;
		};
/* End PBXFrameworksBuildPhase section */

/* Begin PBXGroup section */
		A403516F1CFF4370003692BF /* View */ = {
			isa = PBXGroup;
			children = (
			);
			name = View;
			sourceTree = "<group>";
		};
		A40351701CFF43B3003692BF /* Models */ = {
			isa = PBXGroup;
			children = (
				A437C4EF1CFE220400CBD507 /* StarWarsChar.h */,
				A437C4F01CFE220400CBD507 /* StarWarsChar.m */,
			);
			name = Models;
			sourceTree = "<group>";
		};
		A40351711CFF43F8003692BF /* Controllers */ = {
			isa = PBXGroup;
			children = (
				A437C4DE1CFE20EB00CBD507 /* ViewController.h */,
				A437C4DF1CFE20EB00CBD507 /* ViewController.m */,
				A437C4F21CFE222F00CBD507 /* ProfileViewController.h */,
				A437C4F31CFE222F00CBD507 /* ProfileViewController.m */,
			);
			name = Controllers;
			sourceTree = "<group>";
		};
		A40351721CFF4425003692BF /* AppDelegate */ = {
			isa = PBXGroup;
			children = (
				A437C4DB1CFE20EB00CBD507 /* AppDelegate.h */,
				A437C4DC1CFE20EB00CBD507 /* AppDelegate.m */,
			);
			name = AppDelegate;
			sourceTree = "<group>";
		};
		A437C4CC1CFE20EB00CBD507 = {
			isa = PBXGroup;
			children = (
				A437C4D71CFE20EB00CBD507 /* StarWarriors */,
				A437C4D61CFE20EB00CBD507 /* Products */,
			);
			sourceTree = "<group>";
		};
		A437C4D61CFE20EB00CBD507 /* Products */ = {
			isa = PBXGroup;
			children = (
				A437C4D51CFE20EB00CBD507 /* StarWarriors.app */,
			);
			name = Products;
			sourceTree = "<group>";
		};
		A437C4D71CFE20EB00CBD507 /* StarWarriors */ = {
			isa = PBXGroup;
			children = (
				A40351701CFF43B3003692BF /* Models */,
				A403516F1CFF4370003692BF /* View */,
				A40351711CFF43F8003692BF /* Controllers */,
				A40351721CFF4425003692BF /* AppDelegate */,
				A437C4E11CFE20EB00CBD507 /* Main.storyboard */,
				A437C4E41CFE20EB00CBD507 /* Assets.xcassets */,
				A437C4E61CFE20EB00CBD507 /* LaunchScreen.storyboard */,
				A437C4E91CFE20EB00CBD507 /* Info.plist */,
				A437C4D81CFE20EB00CBD507 /* Supporting Files */,
			);
			path = StarWarriors;
			sourceTree = "<group>";
		};
		A437C4D81CFE20EB00CBD507 /* Supporting Files */ = {
			isa = PBXGroup;
			children = (
				A437C4D91CFE20EB00CBD507 /* main.m */,
			);
			name = "Supporting Files";
			sourceTree = "<group>";
		};
/* End PBXGroup section */

/* Begin PBXNativeTarget section */
		A437C4D41CFE20EB00CBD507 /* StarWarriors */ = {
			isa = PBXNativeTarget;
			buildConfigurationList = A437C4EC1CFE20EB00CBD507 /* Build configuration list for PBXNativeTarget "StarWarriors" */;
			buildPhases = (
				A437C4D11CFE20EB00CBD507 /* Sources */,
				A437C4D21CFE20EB00CBD507 /* Frameworks */,
				A437C4D31CFE20EB00CBD507 /* Resources */,
			);
			buildRules = (
			);
			dependencies = (
			);
			name = StarWarriors;
			productName = StarWarriors;
			productReference = A437C4D51CFE20EB00CBD507 /* StarWarriors.app */;
			productType = "com.apple.product-type.application";
		};
/* End PBXNativeTarget section */

/* Begin PBXProject section */
		A437C4CD1CFE20EB00CBD507 /* Project object */ = {
			isa = PBXProject;
			attributes = {
				LastUpgradeCheck = 0730;
				ORGANIZATIONNAME = "trvl, LLC";
				TargetAttributes = {
					A437C4D41CFE20EB00CBD507 = {
						CreatedOnToolsVersion = 7.3;
					};
				};
			};
			buildConfigurationList = A437C4D01CFE20EB00CBD507 /* Build configuration list for PBXProject "StarWarriors" */;
			compatibilityVersion = "Xcode 3.2";
			developmentRegion = English;
			hasScannedForEncodings = 0;
			knownRegions = (
				en,
				Base,
			);
			mainGroup = A437C4CC1CFE20EB00CBD507;
			productRefGroup = A437C4D61CFE20EB00CBD507 /* Products */;
			projectDirPath = "";
			projectRoot = "";
			targets = (
				A437C4D41CFE20EB00CBD507 /* StarWarriors */,
			);
		};
/* End PBXProject section */

/* Begin PBXResourcesBuildPhase section */
		A437C4D31CFE20EB00CBD507 /* Resources */ = {
			isa = PBXResourcesBuildPhase;
			buildActionMask = 2147483647;
			files = (
				A437C4E81CFE20EB00CBD507 /* LaunchScreen.storyboard in Resources */,
				A437C4E51CFE20EB00CBD507 /* Assets.xcassets in Resources */,
				A437C4E31CFE20EB00CBD507 /* Main.storyboard in Resources */,
			);
			runOnlyForDeploymentPostprocessing = 0;
		};
/* End PBXResourcesBuildPhase section */

/* Begin PBXSourcesBuildPhase section */
		A437C4D11CFE20EB00CBD507 /* Sources */ = {
			isa = PBXSourcesBuildPhase;
			buildActionMask = 2147483647;
			files = (
				A437C4E01CFE20EB00CBD507 /* ViewController.m in Sources */,
				A437C4DD1CFE20EB00CBD507 /* AppDelegate.m in Sources */,
				A437C4F11CFE220400CBD507 /* StarWarsChar.m in Sources */,
				A437C4DA1CFE20EB00CBD507 /* main.m in Sources */,
				A437C4F41CFE222F00CBD507 /* ProfileViewController.m in Sources */,
			);
			runOnlyForDeploymentPostprocessing = 0;
		};
/* End PBXSourcesBuildPhase section */

/* Begin PBXVariantGroup section */
		A437C4E11CFE20EB00CBD507 /* Main.storyboard */ = {
			isa = PBXVariantGroup;
			children = (
				A437C4E21CFE20EB00CBD507 /* Base */,
			);
			name = Main.storyboard;
			sourceTree = "<group>";
		};
		A437C4E61CFE20EB00CBD507 /* LaunchScreen.storyboard */ = {
			isa = PBXVariantGroup;
			children = (
				A437C4E71CFE20EB00CBD507 /* Base */,
			);
			name = LaunchScreen.storyboard;
			sourceTree = "<group>";
		};
/* End PBXVariantGroup section */

/* Begin XCBuildConfiguration section */
		A437C4EA1CFE20EB00CBD507 /* Debug */ = {
			isa = XCBuildConfiguration;
			buildSettings = {
				ALWAYS_SEARCH_USER_PATHS = NO;
				CLANG_ANALYZER_NONNULL = YES;
				CLANG_CXX_LANGUAGE_STANDARD = "gnu++0x";
				CLANG_CXX_LIBRARY = "libc++";
				CLANG_ENABLE_MODULES = YES;
				CLANG_ENABLE_OBJC_ARC = YES;
				CLANG_WARN_BOOL_CONVERSION = YES;
				CLANG_WARN_CONSTANT_CONVERSION = YES;
				CLANG_WARN_DIRECT_OBJC_ISA_USAGE = YES_ERROR;
				CLANG_WARN_EMPTY_BODY = YES;
				CLANG_WARN_ENUM_CONVERSION = YES;
				CLANG_WARN_INT_CONVERSION = YES;
				CLANG_WARN_OBJC_ROOT_CLASS = YES_ERROR;
				CLANG_WARN_UNREACHABLE_CODE = YES;
				CLANG_WARN__DUPLICATE_METHOD_MATCH = YES;
				"CODE_SIGN_IDENTITY[sdk=iphoneos*]" = "iPhone Developer";
				COPY_PHASE_STRIP = NO;
				DEBUG_INFORMATION_FORMAT = dwarf;
				ENABLE_STRICT_OBJC_MSGSEND = YES;
				ENABLE_TESTABILITY = YES;
				GCC_C_LANGUAGE_STANDARD = gnu99;
				GCC_DYNAMIC_NO_PIC = NO;
				GCC_NO_COMMON_BLOCKS = YES;
				GCC_OPTIMIZATION_LEVEL = 0;
				GCC_PREPROCESSOR_DEFINITIONS = (
					"DEBUG=1",
					"$(inherited)",
				);
				GCC_WARN_64_TO_32_BIT_CONVERSION = YES;
				GCC_WARN_ABOUT_RETURN_TYPE = YES_ERROR;
				GCC_WARN_UNDECLARED_SELECTOR = YES;
				GCC_WARN_UNINITIALIZED_AUTOS = YES_AGGRESSIVE;
				GCC_WARN_UNUSED_FUNCTION = YES;
				GCC_WARN_UNUSED_VARIABLE = YES;
				IPHONEOS_DEPLOYMENT_TARGET = 9.3;
				MTL_ENABLE_DEBUG_INFO = YES;
				ONLY_ACTIVE_ARCH = YES;
				SDKROOT = iphoneos;
			};
			name = Debug;
		};
		A437C4EB1CFE20EB00CBD507 /* Release */ = {
			isa = XCBuildConfiguration;
			buildSettings = {
				ALWAYS_SEARCH_USER_PATHS = NO;
				CLANG_ANALYZER_NONNULL = YES;
				CLANG_CXX_LANGUAGE_STANDARD = "gnu++0x";
				CLANG_CXX_LIBRARY = "libc++";
				CLANG_ENABLE_MODULES = YES;
				CLANG_ENABLE_OBJC_ARC = YES;
				CLANG_WARN_BOOL_CONVERSION = YES;
				CLANG_WARN_CONSTANT_CONVERSION = YES;
				CLANG_WARN_DIRECT_OBJC_ISA_USAGE = YES_ERROR;
				CLANG_WARN_EMPTY_BODY = YES;
				CLANG_WARN_ENUM_CONVERSION = YES;
				CLANG_WARN_INT_CONVERSION = YES;
				CLANG_WARN_OBJC_ROOT_CLASS = YES_ERROR;
				CLANG_WARN_UNREACHABLE_CODE = YES;
				CLANG_WARN__DUPLICATE_METHOD_MATCH = YES;
				"CODE_SIGN_IDENTITY[sdk=iphoneos*]" = "iPhone Developer";
				COPY_PHASE_STRIP = NO;
				DEBUG_INFORMATION_FORMAT = "dwarf-with-dsym";
				ENABLE_NS_ASSERTIONS = NO;
				ENABLE_STRICT_OBJC_MSGSEND = YES;
				GCC_C_LANGUAGE_STANDARD = gnu99;
				GCC_NO_COMMON_BLOCKS = YES;
				GCC_WARN_64_TO_32_BIT_CONVERSION = YES;
				GCC_WARN_ABOUT_RETURN_TYPE = YES_ERROR;
				GCC_WARN_UNDECLARED_SELECTOR = YES;
				GCC_WARN_UNINITIALIZED_AUTOS = YES_AGGRESSIVE;
				GCC_WARN_UNUSED_FUNCTION = YES;
				GCC_WARN_UNUSED_VARIABLE = YES;
				IPHONEOS_DEPLOYMENT_TARGET = 9.3;
				MTL_ENABLE_DEBUG_INFO = NO;
				SDKROOT = iphoneos;
				VALIDATE_PRODUCT = YES;
			};
			name = Release;
		};
		A437C4ED1CFE20EB00CBD507 /* Debug */ = {
			isa = XCBuildConfiguration;
			buildSettings = {
				ASSETCATALOG_COMPILER_APPICON_NAME = AppIcon;
				INFOPLIST_FILE = StarWarriors/Info.plist;
				LD_RUNPATH_SEARCH_PATHS = "$(inherited) @executable_path/Frameworks";
				PRODUCT_BUNDLE_IDENTIFIER = com.jsanchezrides.StarWarriors;
				PRODUCT_NAME = "$(TARGET_NAME)";
			};
			name = Debug;
		};
		A437C4EE1CFE20EB00CBD507 /* Release */ = {
			isa = XCBuildConfiguration;
			buildSettings = {
				ASSETCATALOG_COMPILER_APPICON_NAME = AppIcon;
				INFOPLIST_FILE = StarWarriors/Info.plist;
				LD_RUNPATH_SEARCH_PATHS = "$(inherited) @executable_path/Frameworks";
				PRODUCT_BUNDLE_IDENTIFIER = com.jsanchezrides.StarWarriors;
				PRODUCT_NAME = "$(TARGET_NAME)";
			};
			name = Release;
		};
/* End XCBuildConfiguration section */

/* Begin XCConfigurationList section */
		A437C4D01CFE20EB00CBD507 /* Build configuration list for PBXProject "StarWarriors" */ = {
			isa = XCConfigurationList;
			buildConfigurations = (
				A437C4EA1CFE20EB00CBD507 /* Debug */,
				A437C4EB1CFE20EB00CBD507 /* Release */,
			);
			defaultConfigurationIsVisible = 0;
			defaultConfigurationName = Release;
		};
		A437C4EC1CFE20EB00CBD507 /* Build configuration list for PBXNativeTarget "StarWarriors" */ = {
			isa = XCConfigurationList;
			buildConfigurations = (
				A437C4ED1CFE20EB00CBD507 /* Debug */,
				A437C4EE1CFE20EB00CBD507 /* Release */,
			);
			defaultConfigurationIsVisible = 0;
			defaultConfigurationName = Release;
		};
/* End XCConfigurationList section */
	};
	rootObject = A437C4CD1CFE20EB00CBD507 /* Project object */;
}
