// !$*UTF8*$!
{
	archiveVersion = 1;
	classes = {
	};
	objectVersion = 46;
	objects = {

/* Begin PBXBuildFile section */
		A44380521D104F790017F75D /* AgentViewController.swift in Sources */ = {isa = PBXBuildFile; fileRef = A44380511D104F790017F75D /* AgentViewController.swift */; };
		A4FD00461D0F563600AF5B17 /* AppDelegate.swift in Sources */ = {isa = PBXBuildFile; fileRef = A4FD00451D0F563600AF5B17 /* AppDelegate.swift */; };
		A4FD004B1D0F563700AF5B17 /* Main.storyboard in Resources */ = {isa = PBXBuildFile; fileRef = A4FD00491D0F563700AF5B17 /* Main.storyboard */; };
		A4FD004D1D0F563700AF5B17 /* Assets.xcassets in Resources */ = {isa = PBXBuildFile; fileRef = A4FD004C1D0F563700AF5B17 /* Assets.xcassets */; };
		A4FD00501D0F563700AF5B17 /* LaunchScreen.storyboard in Resources */ = {isa = PBXBuildFile; fileRef = A4FD004E1D0F563700AF5B17 /* LaunchScreen.storyboard */; };
/* End PBXBuildFile section */

/* Begin PBXFileReference section */
		A44380511D104F790017F75D /* AgentViewController.swift */ = {isa = PBXFileReference; fileEncoding = 4; lastKnownFileType = sourcecode.swift; name = AgentViewController.swift; path = ../AgentViewController.swift; sourceTree = "<group>"; };
		A4FD00421D0F563400AF5B17 /* My1stSwiftApp.app */ = {isa = PBXFileReference; explicitFileType = wrapper.application; includeInIndex = 0; path = My1stSwiftApp.app; sourceTree = BUILT_PRODUCTS_DIR; };
		A4FD00451D0F563600AF5B17 /* AppDelegate.swift */ = {isa = PBXFileReference; lastKnownFileType = sourcecode.swift; path = AppDelegate.swift; sourceTree = "<group>"; };
		A4FD004A1D0F563700AF5B17 /* Base */ = {isa = PBXFileReference; lastKnownFileType = file.storyboard; name = Base; path = Base.lproj/Main.storyboard; sourceTree = "<group>"; };
		A4FD004C1D0F563700AF5B17 /* Assets.xcassets */ = {isa = PBXFileReference; lastKnownFileType = folder.assetcatalog; path = Assets.xcassets; sourceTree = "<group>"; };
		A4FD004F1D0F563700AF5B17 /* Base */ = {isa = PBXFileReference; lastKnownFileType = file.storyboard; name = Base; path = Base.lproj/LaunchScreen.storyboard; sourceTree = "<group>"; };
		A4FD00511D0F563700AF5B17 /* Info.plist */ = {isa = PBXFileReference; lastKnownFileType = text.plist.xml; path = Info.plist; sourceTree = "<group>"; };
/* End PBXFileReference section */

/* Begin PBXFrameworksBuildPhase section */
		A4FD003F1D0F563400AF5B17 /* Frameworks */ = {
			isa = PBXFrameworksBuildPhase;
			buildActionMask = 2147483647;
			files = (
			);
			runOnlyForDeploymentPostprocessing = 0;
		};
/* End PBXFrameworksBuildPhase section */

/* Begin PBXGroup section */
		A4FD00391D0F563300AF5B17 = {
			isa = PBXGroup;
			children = (
				A4FD00441D0F563600AF5B17 /* My1stSwiftApp */,
				A4FD00431D0F563400AF5B17 /* Products */,
			);
			sourceTree = "<group>";
		};
		A4FD00431D0F563400AF5B17 /* Products */ = {
			isa = PBXGroup;
			children = (
				A4FD00421D0F563400AF5B17 /* My1stSwiftApp.app */,
			);
			name = Products;
			sourceTree = "<group>";
		};
		A4FD00441D0F563600AF5B17 /* My1stSwiftApp */ = {
			isa = PBXGroup;
			children = (
				A4FD00451D0F563600AF5B17 /* AppDelegate.swift */,
				A44380511D104F790017F75D /* AgentViewController.swift */,
				A4FD00491D0F563700AF5B17 /* Main.storyboard */,
				A4FD004C1D0F563700AF5B17 /* Assets.xcassets */,
				A4FD004E1D0F563700AF5B17 /* LaunchScreen.storyboard */,
				A4FD00511D0F563700AF5B17 /* Info.plist */,
			);
			path = My1stSwiftApp;
			sourceTree = "<group>";
		};
/* End PBXGroup section */

/* Begin PBXNativeTarget section */
		A4FD00411D0F563400AF5B17 /* My1stSwiftApp */ = {
			isa = PBXNativeTarget;
			buildConfigurationList = A4FD00541D0F563700AF5B17 /* Build configuration list for PBXNativeTarget "My1stSwiftApp" */;
			buildPhases = (
				A4FD003E1D0F563400AF5B17 /* Sources */,
				A4FD003F1D0F563400AF5B17 /* Frameworks */,
				A4FD00401D0F563400AF5B17 /* Resources */,
			);
			buildRules = (
			);
			dependencies = (
			);
			name = My1stSwiftApp;
			productName = My1stSwiftApp;
			productReference = A4FD00421D0F563400AF5B17 /* My1stSwiftApp.app */;
			productType = "com.apple.product-type.application";
		};
/* End PBXNativeTarget section */

/* Begin PBXProject section */
		A4FD003A1D0F563300AF5B17 /* Project object */ = {
			isa = PBXProject;
			attributes = {
				LastSwiftUpdateCheck = 0730;
				LastUpgradeCheck = 0730;
				ORGANIZATIONNAME = "trvl, LLC";
				TargetAttributes = {
					A4FD00411D0F563400AF5B17 = {
						CreatedOnToolsVersion = 7.3;
						DevelopmentTeam = 6D9CKTK39V;
					};
				};
			};
			buildConfigurationList = A4FD003D1D0F563300AF5B17 /* Build configuration list for PBXProject "My1stSwiftApp" */;
			compatibilityVersion = "Xcode 3.2";
			developmentRegion = English;
			hasScannedForEncodings = 0;
			knownRegions = (
				en,
				Base,
			);
			mainGroup = A4FD00391D0F563300AF5B17;
			productRefGroup = A4FD00431D0F563400AF5B17 /* Products */;
			projectDirPath = "";
			projectRoot = "";
			targets = (
				A4FD00411D0F563400AF5B17 /* My1stSwiftApp */,
			);
		};
/* End PBXProject section */

/* Begin PBXResourcesBuildPhase section */
		A4FD00401D0F563400AF5B17 /* Resources */ = {
			isa = PBXResourcesBuildPhase;
			buildActionMask = 2147483647;
			files = (
				A4FD00501D0F563700AF5B17 /* LaunchScreen.storyboard in Resources */,
				A4FD004D1D0F563700AF5B17 /* Assets.xcassets in Resources */,
				A4FD004B1D0F563700AF5B17 /* Main.storyboard in Resources */,
			);
			runOnlyForDeploymentPostprocessing = 0;
		};
/* End PBXResourcesBuildPhase section */

/* Begin PBXSourcesBuildPhase section */
		A4FD003E1D0F563400AF5B17 /* Sources */ = {
			isa = PBXSourcesBuildPhase;
			buildActionMask = 2147483647;
			files = (
				A44380521D104F790017F75D /* AgentViewController.swift in Sources */,
				A4FD00461D0F563600AF5B17 /* AppDelegate.swift in Sources */,
			);
			runOnlyForDeploymentPostprocessing = 0;
		};
/* End PBXSourcesBuildPhase section */

/* Begin PBXVariantGroup section */
		A4FD00491D0F563700AF5B17 /* Main.storyboard */ = {
			isa = PBXVariantGroup;
			children = (
				A4FD004A1D0F563700AF5B17 /* Base */,
			);
			name = Main.storyboard;
			sourceTree = "<group>";
		};
		A4FD004E1D0F563700AF5B17 /* LaunchScreen.storyboard */ = {
			isa = PBXVariantGroup;
			children = (
				A4FD004F1D0F563700AF5B17 /* Base */,
			);
			name = LaunchScreen.storyboard;
			sourceTree = "<group>";
		};
/* End PBXVariantGroup section */

/* Begin XCBuildConfiguration section */
		A4FD00521D0F563700AF5B17 /* Debug */ = {
			isa = XCBuildConfiguration;
			buildSettings = {
				ALWAYS_SEARCH_USER_PATHS = NO;
				CLANG_ANALYZER_NONNULL = YES;
				CLANG_CXX_LANGUAGE_STANDARD = "gnu++0x";
				CLANG_CXX_LIBRARY = "libc++";
				CLANG_ENABLE_MODULES = YES;
				CLANG_ENABLE_OBJC_ARC = YES;
				CLANG_WARN_BOOL_CONVERSION = YES;
				CLANG_WARN_CONSTANT_CONVERSION = YES;
				CLANG_WARN_DIRECT_OBJC_ISA_USAGE = YES_ERROR;
				CLANG_WARN_EMPTY_BODY = YES;
				CLANG_WARN_ENUM_CONVERSION = YES;
				CLANG_WARN_INT_CONVERSION = YES;
				CLANG_WARN_OBJC_ROOT_CLASS = YES_ERROR;
				CLANG_WARN_UNREACHABLE_CODE = YES;
				CLANG_WARN__DUPLICATE_METHOD_MATCH = YES;
				"CODE_SIGN_IDENTITY[sdk=iphoneos*]" = "iPhone Developer";
				COPY_PHASE_STRIP = NO;
				DEBUG_INFORMATION_FORMAT = dwarf;
				ENABLE_STRICT_OBJC_MSGSEND = YES;
				ENABLE_TESTABILITY = YES;
				GCC_C_LANGUAGE_STANDARD = gnu99;
				GCC_DYNAMIC_NO_PIC = NO;
				GCC_NO_COMMON_BLOCKS = YES;
				GCC_OPTIMIZATION_LEVEL = 0;
				GCC_PREPROCESSOR_DEFINITIONS = (
					"DEBUG=1",
					"$(inherited)",
				);
				GCC_WARN_64_TO_32_BIT_CONVERSION = YES;
				GCC_WARN_ABOUT_RETURN_TYPE = YES_ERROR;
				GCC_WARN_UNDECLARED_SELECTOR = YES;
				GCC_WARN_UNINITIALIZED_AUTOS = YES_AGGRESSIVE;
				GCC_WARN_UNUSED_FUNCTION = YES;
				GCC_WARN_UNUSED_VARIABLE = YES;
				IPHONEOS_DEPLOYMENT_TARGET = 9.3;
				MTL_ENABLE_DEBUG_INFO = YES;
				ONLY_ACTIVE_ARCH = YES;
				SDKROOT = iphoneos;
				SWIFT_OPTIMIZATION_LEVEL = "-Onone";
			};
			name = Debug;
		};
		A4FD00531D0F563700AF5B17 /* Release */ = {
			isa = XCBuildConfiguration;
			buildSettings = {
				ALWAYS_SEARCH_USER_PATHS = NO;
				CLANG_ANALYZER_NONNULL = YES;
				CLANG_CXX_LANGUAGE_STANDARD = "gnu++0x";
				CLANG_CXX_LIBRARY = "libc++";
				CLANG_ENABLE_MODULES = YES;
				CLANG_ENABLE_OBJC_ARC = YES;
				CLANG_WARN_BOOL_CONVERSION = YES;
				CLANG_WARN_CONSTANT_CONVERSION = YES;
				CLANG_WARN_DIRECT_OBJC_ISA_USAGE = YES_ERROR;
				CLANG_WARN_EMPTY_BODY = YES;
				CLANG_WARN_ENUM_CONVERSION = YES;
				CLANG_WARN_INT_CONVERSION = YES;
				CLANG_WARN_OBJC_ROOT_CLASS = YES_ERROR;
				CLANG_WARN_UNREACHABLE_CODE = YES;
				CLANG_WARN__DUPLICATE_METHOD_MATCH = YES;
				"CODE_SIGN_IDENTITY[sdk=iphoneos*]" = "iPhone Developer";
				COPY_PHASE_STRIP = NO;
				DEBUG_INFORMATION_FORMAT = "dwarf-with-dsym";
				ENABLE_NS_ASSERTIONS = NO;
				ENABLE_STRICT_OBJC_MSGSEND = YES;
				GCC_C_LANGUAGE_STANDARD = gnu99;
				GCC_NO_COMMON_BLOCKS = YES;
				GCC_WARN_64_TO_32_BIT_CONVERSION = YES;
				GCC_WARN_ABOUT_RETURN_TYPE = YES_ERROR;
				GCC_WARN_UNDECLARED_SELECTOR = YES;
				GCC_WARN_UNINITIALIZED_AUTOS = YES_AGGRESSIVE;
				GCC_WARN_UNUSED_FUNCTION = YES;
				GCC_WARN_UNUSED_VARIABLE = YES;
				IPHONEOS_DEPLOYMENT_TARGET = 9.3;
				MTL_ENABLE_DEBUG_INFO = NO;
				SDKROOT = iphoneos;
				VALIDATE_PRODUCT = YES;
			};
			name = Release;
		};
		A4FD00551D0F563700AF5B17 /* Debug */ = {
			isa = XCBuildConfiguration;
			buildSettings = {
				ASSETCATALOG_COMPILER_APPICON_NAME = AppIcon;
				CODE_SIGN_IDENTITY = "iPhone Developer";
				"CODE_SIGN_IDENTITY[sdk=iphoneos*]" = "iPhone Developer";
				INFOPLIST_FILE = My1stSwiftApp/Info.plist;
				LD_RUNPATH_SEARCH_PATHS = "$(inherited) @executable_path/Frameworks";
				PRODUCT_BUNDLE_IDENTIFIER = com.jsanchezrides.My1stSwiftApp;
				PRODUCT_NAME = "$(TARGET_NAME)";
				PROVISIONING_PROFILE = "";
			};
			name = Debug;
		};
		A4FD00561D0F563700AF5B17 /* Release */ = {
			isa = XCBuildConfiguration;
			buildSettings = {
				ASSETCATALOG_COMPILER_APPICON_NAME = AppIcon;
				CODE_SIGN_IDENTITY = "iPhone Developer";
				"CODE_SIGN_IDENTITY[sdk=iphoneos*]" = "iPhone Developer";
				INFOPLIST_FILE = My1stSwiftApp/Info.plist;
				LD_RUNPATH_SEARCH_PATHS = "$(inherited) @executable_path/Frameworks";
				PRODUCT_BUNDLE_IDENTIFIER = com.jsanchezrides.My1stSwiftApp;
				PRODUCT_NAME = "$(TARGET_NAME)";
				PROVISIONING_PROFILE = "";
			};
			name = Release;
		};
/* End XCBuildConfiguration section */

/* Begin XCConfigurationList section */
		A4FD003D1D0F563300AF5B17 /* Build configuration list for PBXProject "My1stSwiftApp" */ = {
			isa = XCConfigurationList;
			buildConfigurations = (
				A4FD00521D0F563700AF5B17 /* Debug */,
				A4FD00531D0F563700AF5B17 /* Release */,
			);
			defaultConfigurationIsVisible = 0;
			defaultConfigurationName = Release;
		};
		A4FD00541D0F563700AF5B17 /* Build configuration list for PBXNativeTarget "My1stSwiftApp" */ = {
			isa = XCConfigurationList;
			buildConfigurations = (
				A4FD00551D0F563700AF5B17 /* Debug */,
				A4FD00561D0F563700AF5B17 /* Release */,
			);
			defaultConfigurationIsVisible = 0;
			defaultConfigurationName = Release;
		};
/* End XCConfigurationList section */
	};
	rootObject = A4FD003A1D0F563300AF5B17 /* Project object */;
}
