// !$*UTF8*$!
{
	archiveVersion = 1;
	classes = {
	};
	objectVersion = 46;
	objects = {

/* Begin PBXBuildFile section */
		A4841F5F1D107DA90044BD81 /* AppDelegate.swift in Sources */ = {isa = PBXBuildFile; fileRef = A4841F5E1D107DA90044BD81 /* AppDelegate.swift */; };
		A4841F641D107DA90044BD81 /* Main.storyboard in Resources */ = {isa = PBXBuildFile; fileRef = A4841F621D107DA90044BD81 /* Main.storyboard */; };
		A4841F661D107DA90044BD81 /* Assets.xcassets in Resources */ = {isa = PBXBuildFile; fileRef = A4841F651D107DA90044BD81 /* Assets.xcassets */; };
		A4841F691D107DA90044BD81 /* LaunchScreen.storyboard in Resources */ = {isa = PBXBuildFile; fileRef = A4841F671D107DA90044BD81 /* LaunchScreen.storyboard */; };
		A4841F721D107F730044BD81 /* TimeViewController.swift in Sources */ = {isa = PBXBuildFile; fileRef = A4841F711D107F730044BD81 /* TimeViewController.swift */; };
		A4841F741D107FBB0044BD81 /* OuttaViewController.swift in Sources */ = {isa = PBXBuildFile; fileRef = A4841F731D107FBB0044BD81 /* OuttaViewController.swift */; };
/* End PBXBuildFile section */

/* Begin PBXFileReference section */
		A4841F5B1D107DA90044BD81 /* OutaTimeSwift.app */ = {isa = PBXFileReference; explicitFileType = wrapper.application; includeInIndex = 0; path = OutaTimeSwift.app; sourceTree = BUILT_PRODUCTS_DIR; };
		A4841F5E1D107DA90044BD81 /* AppDelegate.swift */ = {isa = PBXFileReference; lastKnownFileType = sourcecode.swift; path = AppDelegate.swift; sourceTree = "<group>"; };
		A4841F631D107DA90044BD81 /* Base */ = {isa = PBXFileReference; lastKnownFileType = file.storyboard; name = Base; path = Base.lproj/Main.storyboard; sourceTree = "<group>"; };
		A4841F651D107DA90044BD81 /* Assets.xcassets */ = {isa = PBXFileReference; lastKnownFileType = folder.assetcatalog; path = Assets.xcassets; sourceTree = "<group>"; };
		A4841F681D107DA90044BD81 /* Base */ = {isa = PBXFileReference; lastKnownFileType = file.storyboard; name = Base; path = Base.lproj/LaunchScreen.storyboard; sourceTree = "<group>"; };
		A4841F6A1D107DA90044BD81 /* Info.plist */ = {isa = PBXFileReference; lastKnownFileType = text.plist.xml; path = Info.plist; sourceTree = "<group>"; };
		A4841F701D107E650044BD81 /* digital-7.ttf */ = {isa = PBXFileReference; lastKnownFileType = file; path = "digital-7.ttf"; sourceTree = "<group>"; };
		A4841F711D107F730044BD81 /* TimeViewController.swift */ = {isa = PBXFileReference; fileEncoding = 4; lastKnownFileType = sourcecode.swift; path = TimeViewController.swift; sourceTree = "<group>"; };
		A4841F731D107FBB0044BD81 /* OuttaViewController.swift */ = {isa = PBXFileReference; fileEncoding = 4; lastKnownFileType = sourcecode.swift; path = OuttaViewController.swift; sourceTree = "<group>"; };
/* End PBXFileReference section */

/* Begin PBXFrameworksBuildPhase section */
		A4841F581D107DA90044BD81 /* Frameworks */ = {
			isa = PBXFrameworksBuildPhase;
			buildActionMask = 2147483647;
			files = (
			);
			runOnlyForDeploymentPostprocessing = 0;
		};
/* End PBXFrameworksBuildPhase section */

/* Begin PBXGroup section */
		A4841F521D107DA90044BD81 = {
			isa = PBXGroup;
			children = (
				A4841F5D1D107DA90044BD81 /* OutaTimeSwift */,
				A4841F5C1D107DA90044BD81 /* Products */,
			);
			sourceTree = "<group>";
		};
		A4841F5C1D107DA90044BD81 /* Products */ = {
			isa = PBXGroup;
			children = (
				A4841F5B1D107DA90044BD81 /* OutaTimeSwift.app */,
			);
			name = Products;
			sourceTree = "<group>";
		};
		A4841F5D1D107DA90044BD81 /* OutaTimeSwift */ = {
			isa = PBXGroup;
			children = (
				A4841F701D107E650044BD81 /* digital-7.ttf */,
				A4841F5E1D107DA90044BD81 /* AppDelegate.swift */,
				A4841F621D107DA90044BD81 /* Main.storyboard */,
				A4841F731D107FBB0044BD81 /* OuttaViewController.swift */,
				A4841F711D107F730044BD81 /* TimeViewController.swift */,
				A4841F651D107DA90044BD81 /* Assets.xcassets */,
				A4841F671D107DA90044BD81 /* LaunchScreen.storyboard */,
				A4841F6A1D107DA90044BD81 /* Info.plist */,
			);
			path = OutaTimeSwift;
			sourceTree = "<group>";
		};
/* End PBXGroup section */

/* Begin PBXNativeTarget section */
		A4841F5A1D107DA90044BD81 /* OutaTimeSwift */ = {
			isa = PBXNativeTarget;
			buildConfigurationList = A4841F6D1D107DA90044BD81 /* Build configuration list for PBXNativeTarget "OutaTimeSwift" */;
			buildPhases = (
				A4841F571D107DA90044BD81 /* Sources */,
				A4841F581D107DA90044BD81 /* Frameworks */,
				A4841F591D107DA90044BD81 /* Resources */,
			);
			buildRules = (
			);
			dependencies = (
			);
			name = OutaTimeSwift;
			productName = OutaTimeSwift;
			productReference = A4841F5B1D107DA90044BD81 /* OutaTimeSwift.app */;
			productType = "com.apple.product-type.application";
		};
/* End PBXNativeTarget section */

/* Begin PBXProject section */
		A4841F531D107DA90044BD81 /* Project object */ = {
			isa = PBXProject;
			attributes = {
				LastSwiftUpdateCheck = 0730;
				LastUpgradeCheck = 0730;
				ORGANIZATIONNAME = "trvl, LLC";
				TargetAttributes = {
					A4841F5A1D107DA90044BD81 = {
						CreatedOnToolsVersion = 7.3;
						DevelopmentTeam = 6D9CKTK39V;
					};
				};
			};
			buildConfigurationList = A4841F561D107DA90044BD81 /* Build configuration list for PBXProject "OutaTimeSwift" */;
			compatibilityVersion = "Xcode 3.2";
			developmentRegion = English;
			hasScannedForEncodings = 0;
			knownRegions = (
				en,
				Base,
			);
			mainGroup = A4841F521D107DA90044BD81;
			productRefGroup = A4841F5C1D107DA90044BD81 /* Products */;
			projectDirPath = "";
			projectRoot = "";
			targets = (
				A4841F5A1D107DA90044BD81 /* OutaTimeSwift */,
			);
		};
/* End PBXProject section */

/* Begin PBXResourcesBuildPhase section */
		A4841F591D107DA90044BD81 /* Resources */ = {
			isa = PBXResourcesBuildPhase;
			buildActionMask = 2147483647;
			files = (
				A4841F691D107DA90044BD81 /* LaunchScreen.storyboard in Resources */,
				A4841F661D107DA90044BD81 /* Assets.xcassets in Resources */,
				A4841F641D107DA90044BD81 /* Main.storyboard in Resources */,
			);
			runOnlyForDeploymentPostprocessing = 0;
		};
/* End PBXResourcesBuildPhase section */

/* Begin PBXSourcesBuildPhase section */
		A4841F571D107DA90044BD81 /* Sources */ = {
			isa = PBXSourcesBuildPhase;
			buildActionMask = 2147483647;
			files = (
				A4841F741D107FBB0044BD81 /* OuttaViewController.swift in Sources */,
				A4841F721D107F730044BD81 /* TimeViewController.swift in Sources */,
				A4841F5F1D107DA90044BD81 /* AppDelegate.swift in Sources */,
			);
			runOnlyForDeploymentPostprocessing = 0;
		};
/* End PBXSourcesBuildPhase section */

/* Begin PBXVariantGroup section */
		A4841F621D107DA90044BD81 /* Main.storyboard */ = {
			isa = PBXVariantGroup;
			children = (
				A4841F631D107DA90044BD81 /* Base */,
			);
			name = Main.storyboard;
			sourceTree = "<group>";
		};
		A4841F671D107DA90044BD81 /* LaunchScreen.storyboard */ = {
			isa = PBXVariantGroup;
			children = (
				A4841F681D107DA90044BD81 /* Base */,
			);
			name = LaunchScreen.storyboard;
			sourceTree = "<group>";
		};
/* End PBXVariantGroup section */

/* Begin XCBuildConfiguration section */
		A4841F6B1D107DA90044BD81 /* Debug */ = {
			isa = XCBuildConfiguration;
			buildSettings = {
				ALWAYS_SEARCH_USER_PATHS = NO;
				CLANG_ANALYZER_NONNULL = YES;
				CLANG_CXX_LANGUAGE_STANDARD = "gnu++0x";
				CLANG_CXX_LIBRARY = "libc++";
				CLANG_ENABLE_MODULES = YES;
				CLANG_ENABLE_OBJC_ARC = YES;
				CLANG_WARN_BOOL_CONVERSION = YES;
				CLANG_WARN_CONSTANT_CONVERSION = YES;
				CLANG_WARN_DIRECT_OBJC_ISA_USAGE = YES_ERROR;
				CLANG_WARN_EMPTY_BODY = YES;
				CLANG_WARN_ENUM_CONVERSION = YES;
				CLANG_WARN_INT_CONVERSION = YES;
				CLANG_WARN_OBJC_ROOT_CLASS = YES_ERROR;
				CLANG_WARN_UNREACHABLE_CODE = YES;
				CLANG_WARN__DUPLICATE_METHOD_MATCH = YES;
				"CODE_SIGN_IDENTITY[sdk=iphoneos*]" = "iPhone Developer";
				COPY_PHASE_STRIP = NO;
				DEBUG_INFORMATION_FORMAT = dwarf;
				ENABLE_STRICT_OBJC_MSGSEND = YES;
				ENABLE_TESTABILITY = YES;
				GCC_C_LANGUAGE_STANDARD = gnu99;
				GCC_DYNAMIC_NO_PIC = NO;
				GCC_NO_COMMON_BLOCKS = YES;
				GCC_OPTIMIZATION_LEVEL = 0;
				GCC_PREPROCESSOR_DEFINITIONS = (
					"DEBUG=1",
					"$(inherited)",
				);
				GCC_WARN_64_TO_32_BIT_CONVERSION = YES;
				GCC_WARN_ABOUT_RETURN_TYPE = YES_ERROR;
				GCC_WARN_UNDECLARED_SELECTOR = YES;
				GCC_WARN_UNINITIALIZED_AUTOS = YES_AGGRESSIVE;
				GCC_WARN_UNUSED_FUNCTION = YES;
				GCC_WARN_UNUSED_VARIABLE = YES;
				IPHONEOS_DEPLOYMENT_TARGET = 9.3;
				MTL_ENABLE_DEBUG_INFO = YES;
				ONLY_ACTIVE_ARCH = YES;
				SDKROOT = iphoneos;
				SWIFT_OPTIMIZATION_LEVEL = "-Onone";
			};
			name = Debug;
		};
		A4841F6C1D107DA90044BD81 /* Release */ = {
			isa = XCBuildConfiguration;
			buildSettings = {
				ALWAYS_SEARCH_USER_PATHS = NO;
				CLANG_ANALYZER_NONNULL = YES;
				CLANG_CXX_LANGUAGE_STANDARD = "gnu++0x";
				CLANG_CXX_LIBRARY = "libc++";
				CLANG_ENABLE_MODULES = YES;
				CLANG_ENABLE_OBJC_ARC = YES;
				CLANG_WARN_BOOL_CONVERSION = YES;
				CLANG_WARN_CONSTANT_CONVERSION = YES;
				CLANG_WARN_DIRECT_OBJC_ISA_USAGE = YES_ERROR;
				CLANG_WARN_EMPTY_BODY = YES;
				CLANG_WARN_ENUM_CONVERSION = YES;
				CLANG_WARN_INT_CONVERSION = YES;
				CLANG_WARN_OBJC_ROOT_CLASS = YES_ERROR;
				CLANG_WARN_UNREACHABLE_CODE = YES;
				CLANG_WARN__DUPLICATE_METHOD_MATCH = YES;
				"CODE_SIGN_IDENTITY[sdk=iphoneos*]" = "iPhone Developer";
				COPY_PHASE_STRIP = NO;
				DEBUG_INFORMATION_FORMAT = "dwarf-with-dsym";
				ENABLE_NS_ASSERTIONS = NO;
				ENABLE_STRICT_OBJC_MSGSEND = YES;
				GCC_C_LANGUAGE_STANDARD = gnu99;
				GCC_NO_COMMON_BLOCKS = YES;
				GCC_WARN_64_TO_32_BIT_CONVERSION = YES;
				GCC_WARN_ABOUT_RETURN_TYPE = YES_ERROR;
				GCC_WARN_UNDECLARED_SELECTOR = YES;
				GCC_WARN_UNINITIALIZED_AUTOS = YES_AGGRESSIVE;
				GCC_WARN_UNUSED_FUNCTION = YES;
				GCC_WARN_UNUSED_VARIABLE = YES;
				IPHONEOS_DEPLOYMENT_TARGET = 9.3;
				MTL_ENABLE_DEBUG_INFO = NO;
				SDKROOT = iphoneos;
				VALIDATE_PRODUCT = YES;
			};
			name = Release;
		};
		A4841F6E1D107DA90044BD81 /* Debug */ = {
			isa = XCBuildConfiguration;
			buildSettings = {
				ASSETCATALOG_COMPILER_APPICON_NAME = AppIcon;
				CODE_SIGN_IDENTITY = "iPhone Developer";
				"CODE_SIGN_IDENTITY[sdk=iphoneos*]" = "iPhone Developer";
				INFOPLIST_FILE = OutaTimeSwift/Info.plist;
				LD_RUNPATH_SEARCH_PATHS = "$(inherited) @executable_path/Frameworks";
				PRODUCT_BUNDLE_IDENTIFIER = com.jsanchezrides.OutaTimeSwift;
				PRODUCT_NAME = "$(TARGET_NAME)";
				PROVISIONING_PROFILE = "";
			};
			name = Debug;
		};
		A4841F6F1D107DA90044BD81 /* Release */ = {
			isa = XCBuildConfiguration;
			buildSettings = {
				ASSETCATALOG_COMPILER_APPICON_NAME = AppIcon;
				CODE_SIGN_IDENTITY = "iPhone Developer";
				"CODE_SIGN_IDENTITY[sdk=iphoneos*]" = "iPhone Developer";
				INFOPLIST_FILE = OutaTimeSwift/Info.plist;
				LD_RUNPATH_SEARCH_PATHS = "$(inherited) @executable_path/Frameworks";
				PRODUCT_BUNDLE_IDENTIFIER = com.jsanchezrides.OutaTimeSwift;
				PRODUCT_NAME = "$(TARGET_NAME)";
				PROVISIONING_PROFILE = "";
			};
			name = Release;
		};
/* End XCBuildConfiguration section */

/* Begin XCConfigurationList section */
		A4841F561D107DA90044BD81 /* Build configuration list for PBXProject "OutaTimeSwift" */ = {
			isa = XCConfigurationList;
			buildConfigurations = (
				A4841F6B1D107DA90044BD81 /* Debug */,
				A4841F6C1D107DA90044BD81 /* Release */,
			);
			defaultConfigurationIsVisible = 0;
			defaultConfigurationName = Release;
		};
		A4841F6D1D107DA90044BD81 /* Build configuration list for PBXNativeTarget "OutaTimeSwift" */ = {
			isa = XCConfigurationList;
			buildConfigurations = (
				A4841F6E1D107DA90044BD81 /* Debug */,
				A4841F6F1D107DA90044BD81 /* Release */,
			);
			defaultConfigurationIsVisible = 0;
			defaultConfigurationName = Release;
		};
/* End XCConfigurationList section */
	};
	rootObject = A4841F531D107DA90044BD81 /* Project object */;
}
