// !$*UTF8*$!
{
	archiveVersion = 1;
	classes = {
	};
	objectVersion = 46;
	objects = {

/* Begin PBXBuildFile section */
		A45698241D46C1FE00247D8E /* AppDelegate.swift in Sources */ = {isa = PBXBuildFile; fileRef = A45698231D46C1FE00247D8E /* AppDelegate.swift */; };
		A45698261D46C1FE00247D8E /* ViewController.swift in Sources */ = {isa = PBXBuildFile; fileRef = A45698251D46C1FE00247D8E /* ViewController.swift */; };
		A45698291D46C1FE00247D8E /* Main.storyboard in Resources */ = {isa = PBXBuildFile; fileRef = A45698271D46C1FE00247D8E /* Main.storyboard */; };
		A456982B1D46C1FE00247D8E /* Assets.xcassets in Resources */ = {isa = PBXBuildFile; fileRef = A456982A1D46C1FE00247D8E /* Assets.xcassets */; };
		A456982E1D46C1FE00247D8E /* LaunchScreen.storyboard in Resources */ = {isa = PBXBuildFile; fileRef = A456982C1D46C1FE00247D8E /* LaunchScreen.storyboard */; };
		A45698361D46C25300247D8E /* OuttaTimeViewController.swift in Sources */ = {isa = PBXBuildFile; fileRef = A45698351D46C25300247D8E /* OuttaTimeViewController.swift */; };
		A45698381D46C5C900247D8E /* digital-7.ttf in Resources */ = {isa = PBXBuildFile; fileRef = A45698371D46C5C900247D8E /* digital-7.ttf */; };
/* End PBXBuildFile section */

/* Begin PBXFileReference section */
		A45698201D46C1FD00247D8E /* OuttaTime2.app */ = {isa = PBXFileReference; explicitFileType = wrapper.application; includeInIndex = 0; path = OuttaTime2.app; sourceTree = BUILT_PRODUCTS_DIR; };
		A45698231D46C1FE00247D8E /* AppDelegate.swift */ = {isa = PBXFileReference; lastKnownFileType = sourcecode.swift; path = AppDelegate.swift; sourceTree = "<group>"; };
		A45698251D46C1FE00247D8E /* ViewController.swift */ = {isa = PBXFileReference; lastKnownFileType = sourcecode.swift; path = ViewController.swift; sourceTree = "<group>"; };
		A45698281D46C1FE00247D8E /* Base */ = {isa = PBXFileReference; lastKnownFileType = file.storyboard; name = Base; path = Base.lproj/Main.storyboard; sourceTree = "<group>"; };
		A456982A1D46C1FE00247D8E /* Assets.xcassets */ = {isa = PBXFileReference; lastKnownFileType = folder.assetcatalog; path = Assets.xcassets; sourceTree = "<group>"; };
		A456982D1D46C1FE00247D8E /* Base */ = {isa = PBXFileReference; lastKnownFileType = file.storyboard; name = Base; path = Base.lproj/LaunchScreen.storyboard; sourceTree = "<group>"; };
		A456982F1D46C1FE00247D8E /* Info.plist */ = {isa = PBXFileReference; lastKnownFileType = text.plist.xml; path = Info.plist; sourceTree = "<group>"; };
		A45698351D46C25300247D8E /* OuttaTimeViewController.swift */ = {isa = PBXFileReference; fileEncoding = 4; lastKnownFileType = sourcecode.swift; path = OuttaTimeViewController.swift; sourceTree = "<group>"; };
		A45698371D46C5C900247D8E /* digital-7.ttf */ = {isa = PBXFileReference; lastKnownFileType = file; path = "digital-7.ttf"; sourceTree = "<group>"; };
/* End PBXFileReference section */

/* Begin PBXFrameworksBuildPhase section */
		A456981D1D46C1FD00247D8E /* Frameworks */ = {
			isa = PBXFrameworksBuildPhase;
			buildActionMask = 2147483647;
			files = (
			);
			runOnlyForDeploymentPostprocessing = 0;
		};
/* End PBXFrameworksBuildPhase section */

/* Begin PBXGroup section */
		A45698171D46C1FD00247D8E = {
			isa = PBXGroup;
			children = (
				A45698221D46C1FE00247D8E /* OuttaTime2 */,
				A45698211D46C1FD00247D8E /* Products */,
			);
			sourceTree = "<group>";
		};
		A45698211D46C1FD00247D8E /* Products */ = {
			isa = PBXGroup;
			children = (
				A45698201D46C1FD00247D8E /* OuttaTime2.app */,
			);
			name = Products;
			sourceTree = "<group>";
		};
		A45698221D46C1FE00247D8E /* OuttaTime2 */ = {
			isa = PBXGroup;
			children = (
				A45698371D46C5C900247D8E /* digital-7.ttf */,
				A45698231D46C1FE00247D8E /* AppDelegate.swift */,
				A45698251D46C1FE00247D8E /* ViewController.swift */,
				A45698271D46C1FE00247D8E /* Main.storyboard */,
				A45698351D46C25300247D8E /* OuttaTimeViewController.swift */,
				A456982A1D46C1FE00247D8E /* Assets.xcassets */,
				A456982C1D46C1FE00247D8E /* LaunchScreen.storyboard */,
				A456982F1D46C1FE00247D8E /* Info.plist */,
			);
			path = OuttaTime2;
			sourceTree = "<group>";
		};
/* End PBXGroup section */

/* Begin PBXNativeTarget section */
		A456981F1D46C1FD00247D8E /* OuttaTime2 */ = {
			isa = PBXNativeTarget;
			buildConfigurationList = A45698321D46C1FE00247D8E /* Build configuration list for PBXNativeTarget "OuttaTime2" */;
			buildPhases = (
				A456981C1D46C1FD00247D8E /* Sources */,
				A456981D1D46C1FD00247D8E /* Frameworks */,
				A456981E1D46C1FD00247D8E /* Resources */,
			);
			buildRules = (
			);
			dependencies = (
			);
			name = OuttaTime2;
			productName = OuttaTime2;
			productReference = A45698201D46C1FD00247D8E /* OuttaTime2.app */;
			productType = "com.apple.product-type.application";
		};
/* End PBXNativeTarget section */

/* Begin PBXProject section */
		A45698181D46C1FD00247D8E /* Project object */ = {
			isa = PBXProject;
			attributes = {
				LastSwiftUpdateCheck = 0730;
				LastUpgradeCheck = 0730;
				ORGANIZATIONNAME = "trvl, LLC";
				TargetAttributes = {
					A456981F1D46C1FD00247D8E = {
						CreatedOnToolsVersion = 7.3;
						DevelopmentTeam = 7QLQZLZHA6;
					};
				};
			};
			buildConfigurationList = A456981B1D46C1FD00247D8E /* Build configuration list for PBXProject "OuttaTime2" */;
			compatibilityVersion = "Xcode 3.2";
			developmentRegion = English;
			hasScannedForEncodings = 0;
			knownRegions = (
				en,
				Base,
			);
			mainGroup = A45698171D46C1FD00247D8E;
			productRefGroup = A45698211D46C1FD00247D8E /* Products */;
			projectDirPath = "";
			projectRoot = "";
			targets = (
				A456981F1D46C1FD00247D8E /* OuttaTime2 */,
			);
		};
/* End PBXProject section */

/* Begin PBXResourcesBuildPhase section */
		A456981E1D46C1FD00247D8E /* Resources */ = {
			isa = PBXResourcesBuildPhase;
			buildActionMask = 2147483647;
			files = (
				A456982E1D46C1FE00247D8E /* LaunchScreen.storyboard in Resources */,
				A456982B1D46C1FE00247D8E /* Assets.xcassets in Resources */,
				A45698291D46C1FE00247D8E /* Main.storyboard in Resources */,
				A45698381D46C5C900247D8E /* digital-7.ttf in Resources */,
			);
			runOnlyForDeploymentPostprocessing = 0;
		};
/* End PBXResourcesBuildPhase section */

/* Begin PBXSourcesBuildPhase section */
		A456981C1D46C1FD00247D8E /* Sources */ = {
			isa = PBXSourcesBuildPhase;
			buildActionMask = 2147483647;
			files = (
				A45698261D46C1FE00247D8E /* ViewController.swift in Sources */,
				A45698241D46C1FE00247D8E /* AppDelegate.swift in Sources */,
				A45698361D46C25300247D8E /* OuttaTimeViewController.swift in Sources */,
			);
			runOnlyForDeploymentPostprocessing = 0;
		};
/* End PBXSourcesBuildPhase section */

/* Begin PBXVariantGroup section */
		A45698271D46C1FE00247D8E /* Main.storyboard */ = {
			isa = PBXVariantGroup;
			children = (
				A45698281D46C1FE00247D8E /* Base */,
			);
			name = Main.storyboard;
			sourceTree = "<group>";
		};
		A456982C1D46C1FE00247D8E /* LaunchScreen.storyboard */ = {
			isa = PBXVariantGroup;
			children = (
				A456982D1D46C1FE00247D8E /* Base */,
			);
			name = LaunchScreen.storyboard;
			sourceTree = "<group>";
		};
/* End PBXVariantGroup section */

/* Begin XCBuildConfiguration section */
		A45698301D46C1FE00247D8E /* Debug */ = {
			isa = XCBuildConfiguration;
			buildSettings = {
				ALWAYS_SEARCH_USER_PATHS = NO;
				CLANG_ANALYZER_NONNULL = YES;
				CLANG_CXX_LANGUAGE_STANDARD = "gnu++0x";
				CLANG_CXX_LIBRARY = "libc++";
				CLANG_ENABLE_MODULES = YES;
				CLANG_ENABLE_OBJC_ARC = YES;
				CLANG_WARN_BOOL_CONVERSION = YES;
				CLANG_WARN_CONSTANT_CONVERSION = YES;
				CLANG_WARN_DIRECT_OBJC_ISA_USAGE = YES_ERROR;
				CLANG_WARN_EMPTY_BODY = YES;
				CLANG_WARN_ENUM_CONVERSION = YES;
				CLANG_WARN_INT_CONVERSION = YES;
				CLANG_WARN_OBJC_ROOT_CLASS = YES_ERROR;
				CLANG_WARN_UNREACHABLE_CODE = YES;
				CLANG_WARN__DUPLICATE_METHOD_MATCH = YES;
				"CODE_SIGN_IDENTITY[sdk=iphoneos*]" = "iPhone Developer";
				COPY_PHASE_STRIP = NO;
				DEBUG_INFORMATION_FORMAT = dwarf;
				ENABLE_STRICT_OBJC_MSGSEND = YES;
				ENABLE_TESTABILITY = YES;
				GCC_C_LANGUAGE_STANDARD = gnu99;
				GCC_DYNAMIC_NO_PIC = NO;
				GCC_NO_COMMON_BLOCKS = YES;
				GCC_OPTIMIZATION_LEVEL = 0;
				GCC_PREPROCESSOR_DEFINITIONS = (
					"DEBUG=1",
					"$(inherited)",
				);
				GCC_WARN_64_TO_32_BIT_CONVERSION = YES;
				GCC_WARN_ABOUT_RETURN_TYPE = YES_ERROR;
				GCC_WARN_UNDECLARED_SELECTOR = YES;
				GCC_WARN_UNINITIALIZED_AUTOS = YES_AGGRESSIVE;
				GCC_WARN_UNUSED_FUNCTION = YES;
				GCC_WARN_UNUSED_VARIABLE = YES;
				IPHONEOS_DEPLOYMENT_TARGET = 9.3;
				MTL_ENABLE_DEBUG_INFO = YES;
				ONLY_ACTIVE_ARCH = YES;
				SDKROOT = iphoneos;
				SWIFT_OPTIMIZATION_LEVEL = "-Onone";
			};
			name = Debug;
		};
		A45698311D46C1FE00247D8E /* Release */ = {
			isa = XCBuildConfiguration;
			buildSettings = {
				ALWAYS_SEARCH_USER_PATHS = NO;
				CLANG_ANALYZER_NONNULL = YES;
				CLANG_CXX_LANGUAGE_STANDARD = "gnu++0x";
				CLANG_CXX_LIBRARY = "libc++";
				CLANG_ENABLE_MODULES = YES;
				CLANG_ENABLE_OBJC_ARC = YES;
				CLANG_WARN_BOOL_CONVERSION = YES;
				CLANG_WARN_CONSTANT_CONVERSION = YES;
				CLANG_WARN_DIRECT_OBJC_ISA_USAGE = YES_ERROR;
				CLANG_WARN_EMPTY_BODY = YES;
				CLANG_WARN_ENUM_CONVERSION = YES;
				CLANG_WARN_INT_CONVERSION = YES;
				CLANG_WARN_OBJC_ROOT_CLASS = YES_ERROR;
				CLANG_WARN_UNREACHABLE_CODE = YES;
				CLANG_WARN__DUPLICATE_METHOD_MATCH = YES;
				"CODE_SIGN_IDENTITY[sdk=iphoneos*]" = "iPhone Developer";
				COPY_PHASE_STRIP = NO;
				DEBUG_INFORMATION_FORMAT = "dwarf-with-dsym";
				ENABLE_NS_ASSERTIONS = NO;
				ENABLE_STRICT_OBJC_MSGSEND = YES;
				GCC_C_LANGUAGE_STANDARD = gnu99;
				GCC_NO_COMMON_BLOCKS = YES;
				GCC_WARN_64_TO_32_BIT_CONVERSION = YES;
				GCC_WARN_ABOUT_RETURN_TYPE = YES_ERROR;
				GCC_WARN_UNDECLARED_SELECTOR = YES;
				GCC_WARN_UNINITIALIZED_AUTOS = YES_AGGRESSIVE;
				GCC_WARN_UNUSED_FUNCTION = YES;
				GCC_WARN_UNUSED_VARIABLE = YES;
				IPHONEOS_DEPLOYMENT_TARGET = 9.3;
				MTL_ENABLE_DEBUG_INFO = NO;
				SDKROOT = iphoneos;
				VALIDATE_PRODUCT = YES;
			};
			name = Release;
		};
		A45698331D46C1FE00247D8E /* Debug */ = {
			isa = XCBuildConfiguration;
			buildSettings = {
				ASSETCATALOG_COMPILER_APPICON_NAME = AppIcon;
				CODE_SIGN_IDENTITY = "iPhone Developer";
				INFOPLIST_FILE = OuttaTime2/Info.plist;
				LD_RUNPATH_SEARCH_PATHS = "$(inherited) @executable_path/Frameworks";
				PRODUCT_BUNDLE_IDENTIFIER = com.jsanchezrides.OuttaTime2;
				PRODUCT_NAME = "$(TARGET_NAME)";
			};
			name = Debug;
		};
		A45698341D46C1FE00247D8E /* Release */ = {
			isa = XCBuildConfiguration;
			buildSettings = {
				ASSETCATALOG_COMPILER_APPICON_NAME = AppIcon;
				CODE_SIGN_IDENTITY = "iPhone Developer";
				INFOPLIST_FILE = OuttaTime2/Info.plist;
				LD_RUNPATH_SEARCH_PATHS = "$(inherited) @executable_path/Frameworks";
				PRODUCT_BUNDLE_IDENTIFIER = com.jsanchezrides.OuttaTime2;
				PRODUCT_NAME = "$(TARGET_NAME)";
			};
			name = Release;
		};
/* End XCBuildConfiguration section */

/* Begin XCConfigurationList section */
		A456981B1D46C1FD00247D8E /* Build configuration list for PBXProject "OuttaTime2" */ = {
			isa = XCConfigurationList;
			buildConfigurations = (
				A45698301D46C1FE00247D8E /* Debug */,
				A45698311D46C1FE00247D8E /* Release */,
			);
			defaultConfigurationIsVisible = 0;
			defaultConfigurationName = Release;
		};
		A45698321D46C1FE00247D8E /* Build configuration list for PBXNativeTarget "OuttaTime2" */ = {
			isa = XCConfigurationList;
			buildConfigurations = (
				A45698331D46C1FE00247D8E /* Debug */,
				A45698341D46C1FE00247D8E /* Release */,
			);
			defaultConfigurationIsVisible = 0;
			defaultConfigurationName = Release;
		};
/* End XCConfigurationList section */
	};
	rootObject = A45698181D46C1FD00247D8E /* Project object */;
}
